
Microsoft Visual Studio Solution File, Format Version 12.00
# Visual Studio Version 17
VisualStudioVersion = 17.0.31919.166
MinimumVisualStudioVersion = 10.0.40219.1
Project("{FAE04EC0-301F-11D3-BF4B-00C04F79EFBC}") = "Web", "Web\Web.csproj", "{BF622E7B-927D-4FAB-A0DF-D7384807501F}"
EndProject
Project("{FAE04EC0-301F-11D3-BF4B-00C04F79EFBC}") = "Entity", "Entity\Entity.csproj", "{7A797315-DBB9-44BB-AF89-11EA2A7997EE}"
EndProject
Project("{FAE04EC0-301F-11D3-BF4B-00C04F79EFBC}") = "DataAccess", "DataAccess\DataAccess.csproj", "{B1E2BCF3-DC93-45F3-9562-23A3A3B37AE6}"
EndProject
Project("{FAE04EC0-301F-11D3-BF4B-00C04F79EFBC}") = "Business", "Business\Business.csproj", "{025429F0-0AD9-4CCC-AF91-15E8B5D68CD7}"
EndProject
Global
	GlobalSection(SolutionConfigurationPlatforms) = preSolution
		Debug|Any CPU = Debug|Any CPU
		Release|Any CPU = Release|Any CPU
	EndGlobalSection
	GlobalSection(ProjectConfigurationPlatforms) = postSolution
		{BF622E7B-927D-4FAB-A0DF-D7384807501F}.Debug|Any CPU.ActiveCfg = Debug|Any CPU
		{BF622E7B-927D-4FAB-A0DF-D7384807501F}.Debug|Any CPU.Build.0 = Debug|Any CPU
		{BF622E7B-927D-4FAB-A0DF-D7384807501F}.Release|Any CPU.ActiveCfg = Release|Any CPU
		{BF622E7B-927D-4FAB-A0DF-D7384807501F}.Release|Any CPU.Build.0 = Release|Any CPU
		{7A797315-DBB9-44BB-AF89-11EA2A7997EE}.Debug|Any CPU.ActiveCfg = Debug|Any CPU
		{7A797315-DBB9-44BB-AF89-11EA2A7997EE}.Debug|Any CPU.Build.0 = Debug|Any CPU
		{7A797315-DBB9-44BB-AF89-11EA2A7997EE}.Release|Any CPU.ActiveCfg = Release|Any CPU
		{7A797315-DBB9-44BB-AF89-11EA2A7997EE}.Release|Any CPU.Build.0 = Release|Any CPU
		{B1E2BCF3-DC93-45F3-9562-23A3A3B37AE6}.Debug|Any CPU.ActiveCfg = Debug|Any CPU
		{B1E2BCF3-DC93-45F3-9562-23A3A3B37AE6}.Debug|Any CPU.Build.0 = Debug|Any CPU
		{B1E2BCF3-DC93-45F3-9562-23A3A3B37AE6}.Release|Any CPU.ActiveCfg = Release|Any CPU
		{B1E2BCF3-DC93-45F3-9562-23A3A3B37AE6}.Release|Any CPU.Build.0 = Release|Any CPU
		{025429F0-0AD9-4CCC-AF91-15E8B5D68CD7}.Debug|Any CPU.ActiveCfg = Debug|Any CPU
		{025429F0-0AD9-4CCC-AF91-15E8B5D68CD7}.Debug|Any CPU.Build.0 = Debug|Any CPU
		{025429F0-0AD9-4CCC-AF91-15E8B5D68CD7}.Release|Any CPU.ActiveCfg = Release|Any CPU
		{025429F0-0AD9-4CCC-AF91-15E8B5D68CD7}.Release|Any CPU.Build.0 = Release|Any CPU
	EndGlobalSection
	GlobalSection(SolutionProperties) = preSolution
		HideSolutionNode = FALSE
	EndGlobalSection
	GlobalSection(ExtensibilityGlobals) = postSolution
		SolutionGuid = {99706070-9B8C-4215-BE43-5886CF1989B0}
	EndGlobalSection
EndGlobal
